
Microsoft Visual Studio Solution File, Format Version 12.00
# Visual Studio Version 16
VisualStudioVersion = 16.0.31702.278
MinimumVisualStudioVersion = 10.0.40219.1
Project("{FAE04EC0-301F-11D3-BF4B-00C04F79EFBC}") = "election", "election\election.csproj", "{55619AD5-085B-44BA-B0B1-D93D85807D5A}"
EndProject
Global
	GlobalSection(SolutionConfigurationPlatforms) = preSolution
		Debug|Any CPU = Debug|Any CPU
		Release|Any CPU = Release|Any CPU
	EndGlobalSection
	GlobalSection(ProjectConfigurationPlatforms) = postSolution
		{55619AD5-085B-44BA-B0B1-D93D85807D5A}.Debug|Any CPU.ActiveCfg = Debug|Any CPU
		{55619AD5-085B-44BA-B0B1-D93D85807D5A}.Debug|Any CPU.Build.0 = Debug|Any CPU
		{55619AD5-085B-44BA-B0B1-D93D85807D5A}.Release|Any CPU.ActiveCfg = Release|Any CPU
		{55619AD5-085B-44BA-B0B1-D93D85807D5A}.Release|Any CPU.Build.0 = Release|Any CPU
	EndGlobalSection
	GlobalSection(SolutionProperties) = preSolution
		HideSolutionNode = FALSE
	EndGlobalSection
	GlobalSection(ExtensibilityGlobals) = postSolution
		SolutionGuid = {DB796CEF-919F-478A-B688-C35B4314EC42}
	EndGlobalSection
EndGlobal
